
Microsoft Visual Studio Solution File, Format Version 12.00
# Visual Studio Version 17
VisualStudioVersion = 17.10.35013.160
MinimumVisualStudioVersion = 10.0.40219.1
Project("{FAE04EC0-301F-11D3-BF4B-00C04F79EFBC}") = "Gestao_de_Financas_Pessoais", "Gestao_de_Financas_Pessoais\Gestao_de_Financas_Pessoais.csproj", "{3E54324F-0829-4251-80A6-740496E4424D}"
EndProject
Global
	GlobalSection(SolutionConfigurationPlatforms) = preSolution
		Debug|Any CPU = Debug|Any CPU
		Release|Any CPU = Release|Any CPU
	EndGlobalSection
	GlobalSection(ProjectConfigurationPlatforms) = postSolution
		{3E54324F-0829-4251-80A6-740496E4424D}.Debug|Any CPU.ActiveCfg = Debug|Any CPU
		{3E54324F-0829-4251-80A6-740496E4424D}.Debug|Any CPU.Build.0 = Debug|Any CPU
		{3E54324F-0829-4251-80A6-740496E4424D}.Release|Any CPU.ActiveCfg = Release|Any CPU
		{3E54324F-0829-4251-80A6-740496E4424D}.Release|Any CPU.Build.0 = Release|Any CPU
	EndGlobalSection
	GlobalSection(SolutionProperties) = preSolution
		HideSolutionNode = FALSE
	EndGlobalSection
	GlobalSection(ExtensibilityGlobals) = postSolution
		SolutionGuid = {F1C80F56-C1C2-47B9-AD84-5857003F098E}
	EndGlobalSection
EndGlobal
